
Microsoft Visual Studio Solution File, Format Version 12.00
# Visual Studio Version 18
VisualStudioVersion = 18.3.11312.210 d18.3
MinimumVisualStudioVersion = 10.0.40219.1
Project("{FAE04EC0-301F-11D3-BF4B-00C04F79EFBC}") = "CollaborationSystemDemo", "CollaborationSystemDemo.csproj", "{8C918A35-A5D0-427F-ACBE-19134AADBB7E}"
EndProject
Project("{FAE04EC0-301F-11D3-BF4B-00C04F79EFBC}") = "AnthropicMinimal", "AnthropicMinimal\AnthropicMinimal.csproj", "{B25646A3-3342-C661-33BD-3D076342B31C}"
EndProject
Global
	GlobalSection(SolutionConfigurationPlatforms) = preSolution
		Debug|Any CPU = Debug|Any CPU
		Release|Any CPU = Release|Any CPU
	EndGlobalSection
	GlobalSection(ProjectConfigurationPlatforms) = postSolution
		{8C918A35-A5D0-427F-ACBE-19134AADBB7E}.Debug|Any CPU.ActiveCfg = Debug|Any CPU
		{8C918A35-A5D0-427F-ACBE-19134AADBB7E}.Debug|Any CPU.Build.0 = Debug|Any CPU
		{8C918A35-A5D0-427F-ACBE-19134AADBB7E}.Release|Any CPU.ActiveCfg = Release|Any CPU
		{8C918A35-A5D0-427F-ACBE-19134AADBB7E}.Release|Any CPU.Build.0 = Release|Any CPU
		{B25646A3-3342-C661-33BD-3D076342B31C}.Debug|Any CPU.ActiveCfg = Debug|Any CPU
		{B25646A3-3342-C661-33BD-3D076342B31C}.Debug|Any CPU.Build.0 = Debug|Any CPU
		{B25646A3-3342-C661-33BD-3D076342B31C}.Release|Any CPU.ActiveCfg = Release|Any CPU
		{B25646A3-3342-C661-33BD-3D076342B31C}.Release|Any CPU.Build.0 = Release|Any CPU
	EndGlobalSection
	GlobalSection(SolutionProperties) = preSolution
		HideSolutionNode = FALSE
	EndGlobalSection
	GlobalSection(ExtensibilityGlobals) = postSolution
		SolutionGuid = {6AE6EE8F-8B27-47A4-A28F-0B51464A6620}
	EndGlobalSection
EndGlobal
